
Microsoft Visual Studio Solution File, Format Version 12.00
# Visual Studio Version 16
VisualStudioVersion = 16.0.31205.134
MinimumVisualStudioVersion = 10.0.40219.1
Project("{FAE04EC0-301F-11D3-BF4B-00C04F79EFBC}") = "userImput", "userImput.csproj", "{3473BA89-9C50-434C-8C69-09D085D5731E}"
EndProject
Global
	GlobalSection(SolutionConfigurationPlatforms) = preSolution
		Debug|Any CPU = Debug|Any CPU
		Release|Any CPU = Release|Any CPU
	EndGlobalSection
	GlobalSection(ProjectConfigurationPlatforms) = postSolution
		{3473BA89-9C50-434C-8C69-09D085D5731E}.Debug|Any CPU.ActiveCfg = Debug|Any CPU
		{3473BA89-9C50-434C-8C69-09D085D5731E}.Debug|Any CPU.Build.0 = Debug|Any CPU
		{3473BA89-9C50-434C-8C69-09D085D5731E}.Release|Any CPU.ActiveCfg = Release|Any CPU
		{3473BA89-9C50-434C-8C69-09D085D5731E}.Release|Any CPU.Build.0 = Release|Any CPU
	EndGlobalSection
	GlobalSection(SolutionProperties) = preSolution
		HideSolutionNode = FALSE
	EndGlobalSection
	GlobalSection(ExtensibilityGlobals) = postSolution
		SolutionGuid = {8B7CFFC8-68A8-4BF3-8D06-5962B2F32A93}
	EndGlobalSection
EndGlobal
